# This file is automatically @generated by Cargo.
# It is not intended for manual editing.
version = 3

[[package]]
name = "nonempty"
version = "0.8.1"
source = "registry+https://github.com/rust-lang/crates.io-index"
checksum = "aeaf4ad7403de93e699c191202f017118df734d3850b01e13a3a8b2e6953d3c9"

[[package]]
name = "unparser"
version = "0.1.0"
dependencies = [
 "nonempty",
]
